<Solution>
  <Project Path="MSProductos.API/MSProductos.API.csproj" />
  <Project Path="MSProductos.Aplicacion/MSProductos.Aplicacion.csproj" />
  <Project Path="MSProductos.Domain/MSProductos.Dominio.csproj" />
  <Project Path="MSProductos.Infraestructura/MSProductos.Infraestructura.csproj" />
</Solution>
